
Microsoft Visual Studio Solution File, Format Version 12.00
# Visual Studio Version 17
VisualStudioVersion = 17.9.34714.143
MinimumVisualStudioVersion = 10.0.40219.1
Project("{FAE04EC0-301F-11D3-BF4B-00C04F79EFBC}") = "Constructors", "Constructors\Constructors.csproj", "{F135AD6A-5B4C-4DD9-93B6-1417DBEDE854}"
EndProject
Global
	GlobalSection(SolutionConfigurationPlatforms) = preSolution
		Debug|Any CPU = Debug|Any CPU
		Release|Any CPU = Release|Any CPU
	EndGlobalSection
	GlobalSection(ProjectConfigurationPlatforms) = postSolution
		{F135AD6A-5B4C-4DD9-93B6-1417DBEDE854}.Debug|Any CPU.ActiveCfg = Debug|Any CPU
		{F135AD6A-5B4C-4DD9-93B6-1417DBEDE854}.Debug|Any CPU.Build.0 = Debug|Any CPU
		{F135AD6A-5B4C-4DD9-93B6-1417DBEDE854}.Release|Any CPU.ActiveCfg = Release|Any CPU
		{F135AD6A-5B4C-4DD9-93B6-1417DBEDE854}.Release|Any CPU.Build.0 = Release|Any CPU
	EndGlobalSection
	GlobalSection(SolutionProperties) = preSolution
		HideSolutionNode = FALSE
	EndGlobalSection
	GlobalSection(ExtensibilityGlobals) = postSolution
		SolutionGuid = {B894E371-84E9-44EB-8E69-6F99038EC760}
	EndGlobalSection
EndGlobal
